{
    "_readme": [
        "This file locks the dependencies of your project to a known state",
        "Read more about it at http://getcomposer.org/doc/01-basic-usage.md#composer-lock-the-lock-file"
    ],
    "hash": "feb5792d29005508f502b77ebd06c01d",
    "packages": [
        {
            "name": "jasny/iso",
            "version": "dev-master",
            "source": {
                "type": "git",
                "url": "https://github.com/jasny/iso.git",
                "reference": "13968bf81f61be84a2027474b33d4ad68828c67a"
            },
            "dist": {
                "type": "zip",
                "url": "https://api.github.com/repos/jasny/iso/zipball/13968bf81f61be84a2027474b33d4ad68828c67a",
                "reference": "13968bf81f61be84a2027474b33d4ad68828c67a",
                "shasum": ""
            },
            "require": {
                "php": ">=5.4.0"
            },
            "type": "library",
            "autoload": {
                "psr-0": {
                    "Jasny\\ISO": "src/"
                }
            },
            "notification-url": "https://packagist.org/downloads/",
            "time": "2013-12-03 06:16:01"
        }
    ],
    "packages-dev": [

    ],
    "aliases": [

    ],
    "minimum-stability": "stable",
    "stability-flags": {
        "jasny/iso": 20
    },
    "platform": {
        "php": ">=5.4.0"
    },
    "platform-dev": [

    ]
}
